{
  "requires": true,
  "lockfileVersion": 1,
  "dependencies": {
    "@borkdude/sci": {
      "version": "0.0.13-alpha.16",
      "resolved": "https://registry.npmjs.org/@borkdude/sci/-/sci-0.0.13-alpha.16.tgz",
      "integrity": "sha512-sjOvSSyWrqVmD8jJasV36HI9vffebQwnsvpZj+efxqtOZ+dThov4Q+k8HoHvnr2vP2qYM+/bokc0Kh80Hr+okQ=="
    },
    "moment": {
      "version": "2.24.0",
      "resolved": "https://registry.npmjs.org/moment/-/moment-2.24.0.tgz",
      "integrity": "sha512-bV7f+6l2QigeBBZSM/6yTNq4P2fNpSWj/0e7jQcy87A8e7o2nAfP/34/2ky5Vw4B9S446EtIhodAzkFCcR4dQg=="
    }
  }
}
